PODS:
  - Alamofire (4.0.0)
  - AlamofireImage (3.0.0):
    - Alamofire (~> 4.0)
  - Content (0.1.0)

DEPENDENCIES:
  - AlamofireImage (~> 3.0)
  - Content (from `../`)

EXTERNAL SOURCES:
  Content:
    :path: "../"

SPEC CHECKSUMS:
  Alamofire: fef59f00388f267e52d9b432aa5d93dc97190f14
  AlamofireImage: 6594aa1139a67dcd36cde6da79ea4e5b318e60fb
  Content: c67f1b6681b8b29108d38081503afccf3462d818

PODFILE CHECKSUM: 9c7636a36891b68b39de8f039a3bb24859abd76b

COCOAPODS: 1.1.1
